{
	"name": "wxchat",
	"version": "0.0.1",
	"lockfileVersion": 1,
	"requires": true,
	"dependencies": {
		"react-native-easy-toast": {
			"version": "1.0.6",
			"resolved": "http://registry.npm.taobao.org/react-native-easy-toast/download/react-native-easy-toast-1.0.6.tgz",
			"integrity": "sha1-6eKgyGX8/bQH28I0G8NXGn9do7U="
		}
	}
}
